
Microsoft Visual Studio Solution File, Format Version 12.00
# Visual Studio Version 17
VisualStudioVersion = 17.4.33213.308
MinimumVisualStudioVersion = 10.0.40219.1
Project("{FAE04EC0-301F-11D3-BF4B-00C04F79EFBC}") = "QLST_N7", "QLST_N7.csproj", "{9B98AAC9-2554-4BEB-BE78-B792D0B9648C}"
EndProject
Global
	GlobalSection(SolutionConfigurationPlatforms) = preSolution
		Debug|Any CPU = Debug|Any CPU
		Release|Any CPU = Release|Any CPU
	EndGlobalSection
	GlobalSection(ProjectConfigurationPlatforms) = postSolution
		{9B98AAC9-2554-4BEB-BE78-B792D0B9648C}.Debug|Any CPU.ActiveCfg = Debug|Any CPU
		{9B98AAC9-2554-4BEB-BE78-B792D0B9648C}.Debug|Any CPU.Build.0 = Debug|Any CPU
		{9B98AAC9-2554-4BEB-BE78-B792D0B9648C}.Release|Any CPU.ActiveCfg = Release|Any CPU
		{9B98AAC9-2554-4BEB-BE78-B792D0B9648C}.Release|Any CPU.Build.0 = Release|Any CPU
	EndGlobalSection
	GlobalSection(SolutionProperties) = preSolution
		HideSolutionNode = FALSE
	EndGlobalSection
	GlobalSection(ExtensibilityGlobals) = postSolution
		SolutionGuid = {35890C2E-E223-4A51-B0A1-6207B2B437A0}
	EndGlobalSection
EndGlobal
